// !$*UTF8*$!
{
	archiveVersion = 1;
	classes = {
	};
	objectVersion = 56;
	objects = {

/* Begin PBXBuildFile section */
		738568C328D0ACA900983485 /* AppDelegate.swift in Sources */ = {isa = PBXBuildFile; fileRef = 738568C228D0ACA900983485 /* AppDelegate.swift */; };
		738568C528D0ACA900983485 /* SceneDelegate.swift in Sources */ = {isa = PBXBuildFile; fileRef = 738568C428D0ACA900983485 /* SceneDelegate.swift */; };
		738568C728D0ACA900983485 /* ViewController.swift in Sources */ = {isa = PBXBuildFile; fileRef = 738568C628D0ACA900983485 /* ViewController.swift */; };
		738568CA28D0ACA900983485 /* Main.storyboard in Resources */ = {isa = PBXBuildFile; fileRef = 738568C828D0ACA900983485 /* Main.storyboard */; };
		738568CC28D0ACAB00983485 /* Assets.xcassets in Resources */ = {isa = PBXBuildFile; fileRef = 738568CB28D0ACAB00983485 /* Assets.xcassets */; };
		738568CF28D0ACAB00983485 /* LaunchScreen.storyboard in Resources */ = {isa = PBXBuildFile; fileRef = 738568CD28D0ACAB00983485 /* LaunchScreen.storyboard */; };
		738568DA28D0ACAC00983485 /* ChangeBackgroundColourWthButtonTests.swift in Sources */ = {isa = PBXBuildFile; fileRef = 738568D928D0ACAC00983485 /* ChangeBackgroundColourWthButtonTests.swift */; };
		738568E428D0ACAC00983485 /* ChangeBackgroundColourWthButtonUITests.swift in Sources */ = {isa = PBXBuildFile; fileRef = 738568E328D0ACAC00983485 /* ChangeBackgroundColourWthButtonUITests.swift */; };
		738568E628D0ACAC00983485 /* ChangeBackgroundColourWthButtonUITestsLaunchTests.swift in Sources */ = {isa = PBXBuildFile; fileRef = 738568E528D0ACAC00983485 /* ChangeBackgroundColourWthButtonUITestsLaunchTests.swift */; };
/* End PBXBuildFile section */

/* Begin PBXContainerItemProxy section */
		738568D628D0ACAC00983485 /* PBXContainerItemProxy */ = {
			isa = PBXContainerItemProxy;
			containerPortal = 738568B728D0ACA900983485 /* Project object */;
			proxyType = 1;
			remoteGlobalIDString = 738568BE28D0ACA900983485;
			remoteInfo = ChangeBackgroundColourWthButton;
		};
		738568E028D0ACAC00983485 /* PBXContainerItemProxy */ = {
			isa = PBXContainerItemProxy;
			containerPortal = 738568B728D0ACA900983485 /* Project object */;
			proxyType = 1;
			remoteGlobalIDString = 738568BE28D0ACA900983485;
			remoteInfo = ChangeBackgroundColourWthButton;
		};
/* End PBXContainerItemProxy section */

/* Begin PBXFileReference section */
		738568BF28D0ACA900983485 /* ChangeBackgroundColourWthButton.app */ = {isa = PBXFileReference; explicitFileType = wrapper.application; includeInIndex = 0; path = ChangeBackgroundColourWthButton.app; sourceTree = BUILT_PRODUCTS_DIR; };
		738568C228D0ACA900983485 /* AppDelegate.swift */ = {isa = PBXFileReference; lastKnownFileType = sourcecode.swift; path = AppDelegate.swift; sourceTree = "<group>"; };
		738568C428D0ACA900983485 /* SceneDelegate.swift */ = {isa = PBXFileReference; lastKnownFileType = sourcecode.swift; path = SceneDelegate.swift; sourceTree = "<group>"; };
		738568C628D0ACA900983485 /* ViewController.swift */ = {isa = PBXFileReference; lastKnownFileType = sourcecode.swift; path = ViewController.swift; sourceTree = "<group>"; };
		738568C928D0ACA900983485 /* Base */ = {isa = PBXFileReference; lastKnownFileType = file.storyboard; name = Base; path = Base.lproj/Main.storyboard; sourceTree = "<group>"; };
		738568CB28D0ACAB00983485 /* Assets.xcassets */ = {isa = PBXFileReference; lastKnownFileType = folder.assetcatalog; path = Assets.xcassets; sourceTree = "<group>"; };
		738568CE28D0ACAB00983485 /* Base */ = {isa = PBXFileReference; lastKnownFileType = file.storyboard; name = Base; path = Base.lproj/LaunchScreen.storyboard; sourceTree = "<group>"; };
		738568D028D0ACAB00983485 /* Info.plist */ = {isa = PBXFileReference; lastKnownFileType = text.plist.xml; path = Info.plist; sourceTree = "<group>"; };
		738568D528D0ACAC00983485 /* ChangeBackgroundColourWthButtonTests.xctest */ = {isa = PBXFileReference; explicitFileType = wrapper.cfbundle; includeInIndex = 0; path = ChangeBackgroundColourWthButtonTests.xctest; sourceTree = BUILT_PRODUCTS_DIR; };
		738568D928D0ACAC00983485 /* ChangeBackgroundColourWthButtonTests.swift */ = {isa = PBXFileReference; lastKnownFileType = sourcecode.swift; path = ChangeBackgroundColourWthButtonTests.swift; sourceTree = "<group>"; };
		738568DF28D0ACAC00983485 /* ChangeBackgroundColourWthButtonUITests.xctest */ = {isa = PBXFileReference; explicitFileType = wrapper.cfbundle; includeInIndex = 0; path = ChangeBackgroundColourWthButtonUITests.xctest; sourceTree = BUILT_PRODUCTS_DIR; };
		738568E328D0ACAC00983485 /* ChangeBackgroundColourWthButtonUITests.swift */ = {isa = PBXFileReference; lastKnownFileType = sourcecode.swift; path = ChangeBackgroundColourWthButtonUITests.swift; sourceTree = "<group>"; };
		738568E528D0ACAC00983485 /* ChangeBackgroundColourWthButtonUITestsLaunchTests.swift */ = {isa = PBXFileReference; lastKnownFileType = sourcecode.swift; path = ChangeBackgroundColourWthButtonUITestsLaunchTests.swift; sourceTree = "<group>"; };
/* End PBXFileReference section */

/* Begin PBXFrameworksBuildPhase section */
		738568BC28D0ACA900983485 /* Frameworks */ = {
			isa = PBXFrameworksBuildPhase;
			buildActionMask = 2147483647;
			files = (
			);
			runOnlyForDeploymentPostprocessing = 0;
		};
		738568D228D0ACAC00983485 /* Frameworks */ = {
			isa = PBXFrameworksBuildPhase;
			buildActionMask = 2147483647;
			files = (
			);
			runOnlyForDeploymentPostprocessing = 0;
		};
		738568DC28D0ACAC00983485 /* Frameworks */ = {
			isa = PBXFrameworksBuildPhase;
			buildActionMask = 2147483647;
			files = (
			);
			runOnlyForDeploymentPostprocessing = 0;
		};
/* End PBXFrameworksBuildPhase section */

/* Begin PBXGroup section */
		738568B628D0ACA900983485 = {
			isa = PBXGroup;
			children = (
				738568C128D0ACA900983485 /* ChangeBackgroundColourWthButton */,
				738568D828D0ACAC00983485 /* ChangeBackgroundColourWthButtonTests */,
				738568E228D0ACAC00983485 /* ChangeBackgroundColourWthButtonUITests */,
				738568C028D0ACA900983485 /* Products */,
			);
			sourceTree = "<group>";
		};
		738568C028D0ACA900983485 /* Products */ = {
			isa = PBXGroup;
			children = (
				738568BF28D0ACA900983485 /* ChangeBackgroundColourWthButton.app */,
				738568D528D0ACAC00983485 /* ChangeBackgroundColourWthButtonTests.xctest */,
				738568DF28D0ACAC00983485 /* ChangeBackgroundColourWthButtonUITests.xctest */,
			);
			name = Products;
			sourceTree = "<group>";
		};
		738568C128D0ACA900983485 /* ChangeBackgroundColourWthButton */ = {
			isa = PBXGroup;
			children = (
				738568C228D0ACA900983485 /* AppDelegate.swift */,
				738568C428D0ACA900983485 /* SceneDelegate.swift */,
				738568C628D0ACA900983485 /* ViewController.swift */,
				738568C828D0ACA900983485 /* Main.storyboard */,
				738568CB28D0ACAB00983485 /* Assets.xcassets */,
				738568CD28D0ACAB00983485 /* LaunchScreen.storyboard */,
				738568D028D0ACAB00983485 /* Info.plist */,
			);
			path = ChangeBackgroundColourWthButton;
			sourceTree = "<group>";
		};
		738568D828D0ACAC00983485 /* ChangeBackgroundColourWthButtonTests */ = {
			isa = PBXGroup;
			children = (
				738568D928D0ACAC00983485 /* ChangeBackgroundColourWthButtonTests.swift */,
			);
			path = ChangeBackgroundColourWthButtonTests;
			sourceTree = "<group>";
		};
		738568E228D0ACAC00983485 /* ChangeBackgroundColourWthButtonUITests */ = {
			isa = PBXGroup;
			children = (
				738568E328D0ACAC00983485 /* ChangeBackgroundColourWthButtonUITests.swift */,
				738568E528D0ACAC00983485 /* ChangeBackgroundColourWthButtonUITestsLaunchTests.swift */,
			);
			path = ChangeBackgroundColourWthButtonUITests;
			sourceTree = "<group>";
		};
/* End PBXGroup section */

/* Begin PBXNativeTarget section */
		738568BE28D0ACA900983485 /* ChangeBackgroundColourWthButton */ = {
			isa = PBXNativeTarget;
			buildConfigurationList = 738568E928D0ACAC00983485 /* Build configuration list for PBXNativeTarget "ChangeBackgroundColourWthButton" */;
			buildPhases = (
				738568BB28D0ACA900983485 /* Sources */,
				738568BC28D0ACA900983485 /* Frameworks */,
				738568BD28D0ACA900983485 /* Resources */,
			);
			buildRules = (
			);
			dependencies = (
			);
			name = ChangeBackgroundColourWthButton;
			productName = ChangeBackgroundColourWthButton;
			productReference = 738568BF28D0ACA900983485 /* ChangeBackgroundColourWthButton.app */;
			productType = "com.apple.product-type.application";
		};
		738568D428D0ACAC00983485 /* ChangeBackgroundColourWthButtonTests */ = {
			isa = PBXNativeTarget;
			buildConfigurationList = 738568EC28D0ACAC00983485 /* Build configuration list for PBXNativeTarget "ChangeBackgroundColourWthButtonTests" */;
			buildPhases = (
				738568D128D0ACAC00983485 /* Sources */,
				738568D228D0ACAC00983485 /* Frameworks */,
				738568D328D0ACAC00983485 /* Resources */,
			);
			buildRules = (
			);
			dependencies = (
				738568D728D0ACAC00983485 /* PBXTargetDependency */,
			);
			name = ChangeBackgroundColourWthButtonTests;
			productName = ChangeBackgroundColourWthButtonTests;
			productReference = 738568D528D0ACAC00983485 /* ChangeBackgroundColourWthButtonTests.xctest */;
			productType = "com.apple.product-type.bundle.unit-test";
		};
		738568DE28D0ACAC00983485 /* ChangeBackgroundColourWthButtonUITests */ = {
			isa = PBXNativeTarget;
			buildConfigurationList = 738568EF28D0ACAC00983485 /* Build configuration list for PBXNativeTarget "ChangeBackgroundColourWthButtonUITests" */;
			buildPhases = (
				738568DB28D0ACAC00983485 /* Sources */,
				738568DC28D0ACAC00983485 /* Frameworks */,
				738568DD28D0ACAC00983485 /* Resources */,
			);
			buildRules = (
			);
			dependencies = (
				738568E128D0ACAC00983485 /* PBXTargetDependency */,
			);
			name = ChangeBackgroundColourWthButtonUITests;
			productName = ChangeBackgroundColourWthButtonUITests;
			productReference = 738568DF28D0ACAC00983485 /* ChangeBackgroundColourWthButtonUITests.xctest */;
			productType = "com.apple.product-type.bundle.ui-testing";
		};
/* End PBXNativeTarget section */

/* Begin PBXProject section */
		738568B728D0ACA900983485 /* Project object */ = {
			isa = PBXProject;
			attributes = {
				BuildIndependentTargetsInParallel = 1;
				LastSwiftUpdateCheck = 1400;
				LastUpgradeCheck = 1400;
				TargetAttributes = {
					738568BE28D0ACA900983485 = {
						CreatedOnToolsVersion = 14.0;
					};
					738568D428D0ACAC00983485 = {
						CreatedOnToolsVersion = 14.0;
						TestTargetID = 738568BE28D0ACA900983485;
					};
					738568DE28D0ACAC00983485 = {
						CreatedOnToolsVersion = 14.0;
						TestTargetID = 738568BE28D0ACA900983485;
					};
				};
			};
			buildConfigurationList = 738568BA28D0ACA900983485 /* Build configuration list for PBXProject "ChangeBackgroundColourWthButton" */;
			compatibilityVersion = "Xcode 14.0";
			developmentRegion = en;
			hasScannedForEncodings = 0;
			knownRegions = (
				en,
				Base,
			);
			mainGroup = 738568B628D0ACA900983485;
			productRefGroup = 738568C028D0ACA900983485 /* Products */;
			projectDirPath = "";
			projectRoot = "";
			targets = (
				738568BE28D0ACA900983485 /* ChangeBackgroundColourWthButton */,
				738568D428D0ACAC00983485 /* ChangeBackgroundColourWthButtonTests */,
				738568DE28D0ACAC00983485 /* ChangeBackgroundColourWthButtonUITests */,
			);
		};
/* End PBXProject section */

/* Begin PBXResourcesBuildPhase section */
		738568BD28D0ACA900983485 /* Resources */ = {
			isa = PBXResourcesBuildPhase;
			buildActionMask = 2147483647;
			files = (
				738568CF28D0ACAB00983485 /* LaunchScreen.storyboard in Resources */,
				738568CC28D0ACAB00983485 /* Assets.xcassets in Resources */,
				738568CA28D0ACA900983485 /* Main.storyboard in Resources */,
			);
			runOnlyForDeploymentPostprocessing = 0;
		};
		738568D328D0ACAC00983485 /* Resources */ = {
			isa = PBXResourcesBuildPhase;
			buildActionMask = 2147483647;
			files = (
			);
			runOnlyForDeploymentPostprocessing = 0;
		};
		738568DD28D0ACAC00983485 /* Resources */ = {
			isa = PBXResourcesBuildPhase;
			buildActionMask = 2147483647;
			files = (
			);
			runOnlyForDeploymentPostprocessing = 0;
		};
/* End PBXResourcesBuildPhase section */

/* Begin PBXSourcesBuildPhase section */
		738568BB28D0ACA900983485 /* Sources */ = {
			isa = PBXSourcesBuildPhase;
			buildActionMask = 2147483647;
			files = (
				738568C728D0ACA900983485 /* ViewController.swift in Sources */,
				738568C328D0ACA900983485 /* AppDelegate.swift in Sources */,
				738568C528D0ACA900983485 /* SceneDelegate.swift in Sources */,
			);
			runOnlyForDeploymentPostprocessing = 0;
		};
		738568D128D0ACAC00983485 /* Sources */ = {
			isa = PBXSourcesBuildPhase;
			buildActionMask = 2147483647;
			files = (
				738568DA28D0ACAC00983485 /* ChangeBackgroundColourWthButtonTests.swift in Sources */,
			);
			runOnlyForDeploymentPostprocessing = 0;
		};
		738568DB28D0ACAC00983485 /* Sources */ = {
			isa = PBXSourcesBuildPhase;
			buildActionMask = 2147483647;
			files = (
				738568E628D0ACAC00983485 /* ChangeBackgroundColourWthButtonUITestsLaunchTests.swift in Sources */,
				738568E428D0ACAC00983485 /* ChangeBackgroundColourWthButtonUITests.swift in Sources */,
			);
			runOnlyForDeploymentPostprocessing = 0;
		};
/* End PBXSourcesBuildPhase section */

/* Begin PBXTargetDependency section */
		738568D728D0ACAC00983485 /* PBXTargetDependency */ = {
			isa = PBXTargetDependency;
			target = 738568BE28D0ACA900983485 /* ChangeBackgroundColourWthButton */;
			targetProxy = 738568D628D0ACAC00983485 /* PBXContainerItemProxy */;
		};
		738568E128D0ACAC00983485 /* PBXTargetDependency */ = {
			isa = PBXTargetDependency;
			target = 738568BE28D0ACA900983485 /* ChangeBackgroundColourWthButton */;
			targetProxy = 738568E028D0ACAC00983485 /* PBXContainerItemProxy */;
		};
/* End PBXTargetDependency section */

/* Begin PBXVariantGroup section */
		738568C828D0ACA900983485 /* Main.storyboard */ = {
			isa = PBXVariantGroup;
			children = (
				738568C928D0ACA900983485 /* Base */,
			);
			name = Main.storyboard;
			sourceTree = "<group>";
		};
		738568CD28D0ACAB00983485 /* LaunchScreen.storyboard */ = {
			isa = PBXVariantGroup;
			children = (
				738568CE28D0ACAB00983485 /* Base */,
			);
			name = LaunchScreen.storyboard;
			sourceTree = "<group>";
		};
/* End PBXVariantGroup section */

/* Begin XCBuildConfiguration section */
		738568E728D0ACAC00983485 /* Debug */ = {
			isa = XCBuildConfiguration;
			buildSettings = {
				ALWAYS_SEARCH_USER_PATHS = NO;
				CLANG_ANALYZER_NONNULL = YES;
				CLANG_ANALYZER_NUMBER_OBJECT_CONVERSION = YES_AGGRESSIVE;
				CLANG_CXX_LANGUAGE_STANDARD = "gnu++20";
				CLANG_ENABLE_MODULES = YES;
				CLANG_ENABLE_OBJC_ARC = YES;
				CLANG_ENABLE_OBJC_WEAK = YES;
				CLANG_WARN_BLOCK_CAPTURE_AUTORELEASING = YES;
				CLANG_WARN_BOOL_CONVERSION = YES;
				CLANG_WARN_COMMA = YES;
				CLANG_WARN_CONSTANT_CONVERSION = YES;
				CLANG_WARN_DEPRECATED_OBJC_IMPLEMENTATIONS = YES;
				CLANG_WARN_DIRECT_OBJC_ISA_USAGE = YES_ERROR;
				CLANG_WARN_DOCUMENTATION_COMMENTS = YES;
				CLANG_WARN_EMPTY_BODY = YES;
				CLANG_WARN_ENUM_CONVERSION = YES;
				CLANG_WARN_INFINITE_RECURSION = YES;
				CLANG_WARN_INT_CONVERSION = YES;
				CLANG_WARN_NON_LITERAL_NULL_CONVERSION = YES;
				CLANG_WARN_OBJC_IMPLICIT_RETAIN_SELF = YES;
				CLANG_WARN_OBJC_LITERAL_CONVERSION = YES;
				CLANG_WARN_OBJC_ROOT_CLASS = YES_ERROR;
				CLANG_WARN_QUOTED_INCLUDE_IN_FRAMEWORK_HEADER = YES;
				CLANG_WARN_RANGE_LOOP_ANALYSIS = YES;
				CLANG_WARN_STRICT_PROTOTYPES = YES;
				CLANG_WARN_SUSPICIOUS_MOVE = YES;
				CLANG_WARN_UNGUARDED_AVAILABILITY = YES_AGGRESSIVE;
				CLANG_WARN_UNREACHABLE_CODE = YES;
				CLANG_WARN__DUPLICATE_METHOD_MATCH = YES;
				COPY_PHASE_STRIP = NO;
				DEBUG_INFORMATION_FORMAT = dwarf;
				ENABLE_STRICT_OBJC_MSGSEND = YES;
				ENABLE_TESTABILITY = YES;
				GCC_C_LANGUAGE_STANDARD = gnu11;
				GCC_DYNAMIC_NO_PIC = NO;
				GCC_NO_COMMON_BLOCKS = YES;
				GCC_OPTIMIZATION_LEVEL = 0;
				GCC_PREPROCESSOR_DEFINITIONS = (
					"DEBUG=1",
					"$(inherited)",
				);
				GCC_WARN_64_TO_32_BIT_CONVERSION = YES;
				GCC_WARN_ABOUT_RETURN_TYPE = YES_ERROR;
				GCC_WARN_UNDECLARED_SELECTOR = YES;
				GCC_WARN_UNINITIALIZED_AUTOS = YES_AGGRESSIVE;
				GCC_WARN_UNUSED_FUNCTION = YES;
				GCC_WARN_UNUSED_VARIABLE = YES;
				IPHONEOS_DEPLOYMENT_TARGET = 16.0;
				MTL_ENABLE_DEBUG_INFO = INCLUDE_SOURCE;
				MTL_FAST_MATH = YES;
				ONLY_ACTIVE_ARCH = YES;
				SDKROOT = iphoneos;
				SWIFT_ACTIVE_COMPILATION_CONDITIONS = DEBUG;
				SWIFT_OPTIMIZATION_LEVEL = "-Onone";
			};
			name = Debug;
		};
		738568E828D0ACAC00983485 /* Release */ = {
			isa = XCBuildConfiguration;
			buildSettings = {
				ALWAYS_SEARCH_USER_PATHS = NO;
				CLANG_ANALYZER_NONNULL = YES;
				CLANG_ANALYZER_NUMBER_OBJECT_CONVERSION = YES_AGGRESSIVE;
				CLANG_CXX_LANGUAGE_STANDARD = "gnu++20";
				CLANG_ENABLE_MODULES = YES;
				CLANG_ENABLE_OBJC_ARC = YES;
				CLANG_ENABLE_OBJC_WEAK = YES;
				CLANG_WARN_BLOCK_CAPTURE_AUTORELEASING = YES;
				CLANG_WARN_BOOL_CONVERSION = YES;
				CLANG_WARN_COMMA = YES;
				CLANG_WARN_CONSTANT_CONVERSION = YES;
				CLANG_WARN_DEPRECATED_OBJC_IMPLEMENTATIONS = YES;
				CLANG_WARN_DIRECT_OBJC_ISA_USAGE = YES_ERROR;
				CLANG_WARN_DOCUMENTATION_COMMENTS = YES;
				CLANG_WARN_EMPTY_BODY = YES;
				CLANG_WARN_ENUM_CONVERSION = YES;
				CLANG_WARN_INFINITE_RECURSION = YES;
				CLANG_WARN_INT_CONVERSION = YES;
				CLANG_WARN_NON_LITERAL_NULL_CONVERSION = YES;
				CLANG_WARN_OBJC_IMPLICIT_RETAIN_SELF = YES;
				CLANG_WARN_OBJC_LITERAL_CONVERSION = YES;
				CLANG_WARN_OBJC_ROOT_CLASS = YES_ERROR;
				CLANG_WARN_QUOTED_INCLUDE_IN_FRAMEWORK_HEADER = YES;
				CLANG_WARN_RANGE_LOOP_ANALYSIS = YES;
				CLANG_WARN_STRICT_PROTOTYPES = YES;
				CLANG_WARN_SUSPICIOUS_MOVE = YES;
				CLANG_WARN_UNGUARDED_AVAILABILITY = YES_AGGRESSIVE;
				CLANG_WARN_UNREACHABLE_CODE = YES;
				CLANG_WARN__DUPLICATE_METHOD_MATCH = YES;
				COPY_PHASE_STRIP = NO;
				DEBUG_INFORMATION_FORMAT = "dwarf-with-dsym";
				ENABLE_NS_ASSERTIONS = NO;
				ENABLE_STRICT_OBJC_MSGSEND = YES;
				GCC_C_LANGUAGE_STANDARD = gnu11;
				GCC_NO_COMMON_BLOCKS = YES;
				GCC_WARN_64_TO_32_BIT_CONVERSION = YES;
				GCC_WARN_ABOUT_RETURN_TYPE = YES_ERROR;
				GCC_WARN_UNDECLARED_SELECTOR = YES;
				GCC_WARN_UNINITIALIZED_AUTOS = YES_AGGRESSIVE;
				GCC_WARN_UNUSED_FUNCTION = YES;
				GCC_WARN_UNUSED_VARIABLE = YES;
				IPHONEOS_DEPLOYMENT_TARGET = 16.0;
				MTL_ENABLE_DEBUG_INFO = NO;
				MTL_FAST_MATH = YES;
				SDKROOT = iphoneos;
				SWIFT_COMPILATION_MODE = wholemodule;
				SWIFT_OPTIMIZATION_LEVEL = "-O";
				VALIDATE_PRODUCT = YES;
			};
			name = Release;
		};
		738568EA28D0ACAC00983485 /* Debug */ = {
			isa = XCBuildConfiguration;
			buildSettings = {
				ASSETCATALOG_COMPILER_APPICON_NAME = AppIcon;
				ASSETCATALOG_COMPILER_GLOBAL_ACCENT_COLOR_NAME = AccentColor;
				CODE_SIGN_STYLE = Automatic;
				CURRENT_PROJECT_VERSION = 1;
				DEVELOPMENT_TEAM = 3JHURF9865;
				GENERATE_INFOPLIST_FILE = YES;
				INFOPLIST_FILE = ChangeBackgroundColourWthButton/Info.plist;
				INFOPLIST_KEY_UIApplicationSupportsIndirectInputEvents = YES;
				INFOPLIST_KEY_UILaunchStoryboardName = LaunchScreen;
				INFOPLIST_KEY_UIMainStoryboardFile = Main;
				INFOPLIST_KEY_UISupportedInterfaceOrientations_iPad = "UIInterfaceOrientationPortrait UIInterfaceOrientationPortraitUpsideDown UIInterfaceOrientationLandscapeLeft UIInterfaceOrientationLandscapeRight";
				INFOPLIST_KEY_UISupportedInterfaceOrientations_iPhone = "UIInterfaceOrientationPortrait UIInterfaceOrientationLandscapeLeft UIInterfaceOrientationLandscapeRight";
				LD_RUNPATH_SEARCH_PATHS = (
					"$(inherited)",
					"@executable_path/Frameworks",
				);
				MARKETING_VERSION = 1.0;
				PRODUCT_BUNDLE_IDENTIFIER = me.ChangeBackgroundColourWthButton;
				PRODUCT_NAME = "$(TARGET_NAME)";
				SWIFT_EMIT_LOC_STRINGS = YES;
				SWIFT_VERSION = 5.0;
				TARGETED_DEVICE_FAMILY = "1,2";
			};
			name = Debug;
		};
		738568EB28D0ACAC00983485 /* Release */ = {
			isa = XCBuildConfiguration;
			buildSettings = {
				ASSETCATALOG_COMPILER_APPICON_NAME = AppIcon;
				ASSETCATALOG_COMPILER_GLOBAL_ACCENT_COLOR_NAME = AccentColor;
				CODE_SIGN_STYLE = Automatic;
				CURRENT_PROJECT_VERSION = 1;
				DEVELOPMENT_TEAM = 3JHURF9865;
				GENERATE_INFOPLIST_FILE = YES;
				INFOPLIST_FILE = ChangeBackgroundColourWthButton/Info.plist;
				INFOPLIST_KEY_UIApplicationSupportsIndirectInputEvents = YES;
				INFOPLIST_KEY_UILaunchStoryboardName = LaunchScreen;
				INFOPLIST_KEY_UIMainStoryboardFile = Main;
				INFOPLIST_KEY_UISupportedInterfaceOrientations_iPad = "UIInterfaceOrientationPortrait UIInterfaceOrientationPortraitUpsideDown UIInterfaceOrientationLandscapeLeft UIInterfaceOrientationLandscapeRight";
				INFOPLIST_KEY_UISupportedInterfaceOrientations_iPhone = "UIInterfaceOrientationPortrait UIInterfaceOrientationLandscapeLeft UIInterfaceOrientationLandscapeRight";
				LD_RUNPATH_SEARCH_PATHS = (
					"$(inherited)",
					"@executable_path/Frameworks",
				);
				MARKETING_VERSION = 1.0;
				PRODUCT_BUNDLE_IDENTIFIER = me.ChangeBackgroundColourWthButton;
				PRODUCT_NAME = "$(TARGET_NAME)";
				SWIFT_EMIT_LOC_STRINGS = YES;
				SWIFT_VERSION = 5.0;
				TARGETED_DEVICE_FAMILY = "1,2";
			};
			name = Release;
		};
		738568ED28D0ACAC00983485 /* Debug */ = {
			isa = XCBuildConfiguration;
			buildSettings = {
				ALWAYS_EMBED_SWIFT_STANDARD_LIBRARIES = YES;
				BUNDLE_LOADER = "$(TEST_HOST)";
				CODE_SIGN_STYLE = Automatic;
				CURRENT_PROJECT_VERSION = 1;
				DEVELOPMENT_TEAM = 3JHURF9865;
				GENERATE_INFOPLIST_FILE = YES;
				IPHONEOS_DEPLOYMENT_TARGET = 16.0;
				MARKETING_VERSION = 1.0;
				PRODUCT_BUNDLE_IDENTIFIER = me.ChangeBackgroundColourWthButtonTests;
				PRODUCT_NAME = "$(TARGET_NAME)";
				SWIFT_EMIT_LOC_STRINGS = NO;
				SWIFT_VERSION = 5.0;
				TARGETED_DEVICE_FAMILY = "1,2";
				TEST_HOST = "$(BUILT_PRODUCTS_DIR)/ChangeBackgroundColourWthButton.app/$(BUNDLE_EXECUTABLE_FOLDER_PATH)/ChangeBackgroundColourWthButton";
			};
			name = Debug;
		};
		738568EE28D0ACAC00983485 /* Release */ = {
			isa = XCBuildConfiguration;
			buildSettings = {
				ALWAYS_EMBED_SWIFT_STANDARD_LIBRARIES = YES;
				BUNDLE_LOADER = "$(TEST_HOST)";
				CODE_SIGN_STYLE = Automatic;
				CURRENT_PROJECT_VERSION = 1;
				DEVELOPMENT_TEAM = 3JHURF9865;
				GENERATE_INFOPLIST_FILE = YES;
				IPHONEOS_DEPLOYMENT_TARGET = 16.0;
				MARKETING_VERSION = 1.0;
				PRODUCT_BUNDLE_IDENTIFIER = me.ChangeBackgroundColourWthButtonTests;
				PRODUCT_NAME = "$(TARGET_NAME)";
				SWIFT_EMIT_LOC_STRINGS = NO;
				SWIFT_VERSION = 5.0;
				TARGETED_DEVICE_FAMILY = "1,2";
				TEST_HOST = "$(BUILT_PRODUCTS_DIR)/ChangeBackgroundColourWthButton.app/$(BUNDLE_EXECUTABLE_FOLDER_PATH)/ChangeBackgroundColourWthButton";
			};
			name = Release;
		};
		738568F028D0ACAC00983485 /* Debug */ = {
			isa = XCBuildConfiguration;
			buildSettings = {
				ALWAYS_EMBED_SWIFT_STANDARD_LIBRARIES = YES;
				CODE_SIGN_STYLE = Automatic;
				CURRENT_PROJECT_VERSION = 1;
				DEVELOPMENT_TEAM = 3JHURF9865;
				GENERATE_INFOPLIST_FILE = YES;
				MARKETING_VERSION = 1.0;
				PRODUCT_BUNDLE_IDENTIFIER = me.ChangeBackgroundColourWthButtonUITests;
				PRODUCT_NAME = "$(TARGET_NAME)";
				SWIFT_EMIT_LOC_STRINGS = NO;
				SWIFT_VERSION = 5.0;
				TARGETED_DEVICE_FAMILY = "1,2";
				TEST_TARGET_NAME = ChangeBackgroundColourWthButton;
			};
			name = Debug;
		};
		738568F128D0ACAC00983485 /* Release */ = {
			isa = XCBuildConfiguration;
			buildSettings = {
				ALWAYS_EMBED_SWIFT_STANDARD_LIBRARIES = YES;
				CODE_SIGN_STYLE = Automatic;
				CURRENT_PROJECT_VERSION = 1;
				DEVELOPMENT_TEAM = 3JHURF9865;
				GENERATE_INFOPLIST_FILE = YES;
				MARKETING_VERSION = 1.0;
				PRODUCT_BUNDLE_IDENTIFIER = me.ChangeBackgroundColourWthButtonUITests;
				PRODUCT_NAME = "$(TARGET_NAME)";
				SWIFT_EMIT_LOC_STRINGS = NO;
				SWIFT_VERSION = 5.0;
				TARGETED_DEVICE_FAMILY = "1,2";
				TEST_TARGET_NAME = ChangeBackgroundColourWthButton;
			};
			name = Release;
		};
/* End XCBuildConfiguration section */

/* Begin XCConfigurationList section */
		738568BA28D0ACA900983485 /* Build configuration list for PBXProject "ChangeBackgroundColourWthButton" */ = {
			isa = XCConfigurationList;
			buildConfigurations = (
				738568E728D0ACAC00983485 /* Debug */,
				738568E828D0ACAC00983485 /* Release */,
			);
			defaultConfigurationIsVisible = 0;
			defaultConfigurationName = Release;
		};
		738568E928D0ACAC00983485 /* Build configuration list for PBXNativeTarget "ChangeBackgroundColourWthButton" */ = {
			isa = XCConfigurationList;
			buildConfigurations = (
				738568EA28D0ACAC00983485 /* Debug */,
				738568EB28D0ACAC00983485 /* Release */,
			);
			defaultConfigurationIsVisible = 0;
			defaultConfigurationName = Release;
		};
		738568EC28D0ACAC00983485 /* Build configuration list for PBXNativeTarget "ChangeBackgroundColourWthButtonTests" */ = {
			isa = XCConfigurationList;
			buildConfigurations = (
				738568ED28D0ACAC00983485 /* Debug */,
				738568EE28D0ACAC00983485 /* Release */,
			);
			defaultConfigurationIsVisible = 0;
			defaultConfigurationName = Release;
		};
		738568EF28D0ACAC00983485 /* Build configuration list for PBXNativeTarget "ChangeBackgroundColourWthButtonUITests" */ = {
			isa = XCConfigurationList;
			buildConfigurations = (
				738568F028D0ACAC00983485 /* Debug */,
				738568F128D0ACAC00983485 /* Release */,
			);
			defaultConfigurationIsVisible = 0;
			defaultConfigurationName = Release;
		};
/* End XCConfigurationList section */
	};
	rootObject = 738568B728D0ACA900983485 /* Project object */;
}
